// !$*UTF8*$!
{
	archiveVersion = 1;
	classes = {
	};
	objectVersion = 46;
	objects = {

/* Begin PBXBuildFile section */
		B241DD6D16081CFE0039F1CB /* UIKit.framework in Frameworks */ = {isa = PBXBuildFile; fileRef = B241DD6C16081CFE0039F1CB /* UIKit.framework */; };
		B241DD6F16081CFE0039F1CB /* Foundation.framework in Frameworks */ = {isa = PBXBuildFile; fileRef = B241DD6E16081CFE0039F1CB /* Foundation.framework */; };
		B241DD7116081CFE0039F1CB /* CoreGraphics.framework in Frameworks */ = {isa = PBXBuildFile; fileRef = B241DD7016081CFE0039F1CB /* CoreGraphics.framework */; };
		B241DD7716081CFE0039F1CB /* InfoPlist.strings in Resources */ = {isa = PBXBuildFile; fileRef = B241DD7516081CFE0039F1CB /* InfoPlist.strings */; };
		B241DD7916081CFE0039F1CB /* main.m in Sources */ = {isa = PBXBuildFile; fileRef = B241DD7816081CFE0039F1CB /* main.m */; };
		B241DD7D16081CFE0039F1CB /* AppDelegate.m in Sources */ = {isa = PBXBuildFile; fileRef = B241DD7C16081CFE0039F1CB /* AppDelegate.m */; };
		B241DD8016081CFE0039F1CB /* MainStoryboard_iPhone.storyboard in Resources */ = {isa = PBXBuildFile; fileRef = B241DD7E16081CFE0039F1CB /* MainStoryboard_iPhone.storyboard */; };
		B241DD8316081CFE0039F1CB /* MainStoryboard_iPad.storyboard in Resources */ = {isa = PBXBuildFile; fileRef = B241DD8116081CFE0039F1CB /* MainStoryboard_iPad.storyboard */; };
		B241DD8616081CFE0039F1CB /* ViewController.m in Sources */ = {isa = PBXBuildFile; fileRef = B241DD8516081CFE0039F1CB /* ViewController.m */; };
		B241DD8E16081CFE0039F1CB /* SenTestingKit.framework in Frameworks */ = {isa = PBXBuildFile; fileRef = B241DD8D16081CFE0039F1CB /* SenTestingKit.framework */; };
		B241DD8F16081CFE0039F1CB /* UIKit.framework in Frameworks */ = {isa = PBXBuildFile; fileRef = B241DD6C16081CFE0039F1CB /* UIKit.framework */; };
		B241DD9016081CFE0039F1CB /* Foundation.framework in Frameworks */ = {isa = PBXBuildFile; fileRef = B241DD6E16081CFE0039F1CB /* Foundation.framework */; };
		B241DD9816081CFF0039F1CB /* InfoPlist.strings in Resources */ = {isa = PBXBuildFile; fileRef = B241DD9616081CFF0039F1CB /* InfoPlist.strings */; };
		B241DD9B16081CFF0039F1CB /* TelnetAppTests.m in Sources */ = {isa = PBXBuildFile; fileRef = B241DD9A16081CFF0039F1CB /* TelnetAppTests.m */; };
		B2C8B6EE160BF45700062CBB /* joybutton.png in Resources */ = {isa = PBXBuildFile; fileRef = B2C8B6EC160BF45700062CBB /* joybutton.png */; };
		B2C8B6EF160BF45700062CBB /* joypad.png in Resources */ = {isa = PBXBuildFile; fileRef = B2C8B6ED160BF45700062CBB /* joypad.png */; };
/* End PBXBuildFile section */

/* Begin PBXContainerItemProxy section */
		B241DD9116081CFE0039F1CB /* PBXContainerItemProxy */ = {
			isa = PBXContainerItemProxy;
			containerPortal = B241DD5F16081CFE0039F1CB /* Project object */;
			proxyType = 1;
			remoteGlobalIDString = B241DD6716081CFE0039F1CB;
			remoteInfo = TelnetApp;
		};
/* End PBXContainerItemProxy section */

/* Begin PBXFileReference section */
		B241DD6816081CFE0039F1CB /* TelnetApp.app */ = {isa = PBXFileReference; explicitFileType = wrapper.application; includeInIndex = 0; path = TelnetApp.app; sourceTree = BUILT_PRODUCTS_DIR; };
		B241DD6C16081CFE0039F1CB /* UIKit.framework */ = {isa = PBXFileReference; lastKnownFileType = wrapper.framework; name = UIKit.framework; path = System/Library/Frameworks/UIKit.framework; sourceTree = SDKROOT; };
		B241DD6E16081CFE0039F1CB /* Foundation.framework */ = {isa = PBXFileReference; lastKnownFileType = wrapper.framework; name = Foundation.framework; path = System/Library/Frameworks/Foundation.framework; sourceTree = SDKROOT; };
		B241DD7016081CFE0039F1CB /* CoreGraphics.framework */ = {isa = PBXFileReference; lastKnownFileType = wrapper.framework; name = CoreGraphics.framework; path = System/Library/Frameworks/CoreGraphics.framework; sourceTree = SDKROOT; };
		B241DD7416081CFE0039F1CB /* TelnetApp-Info.plist */ = {isa = PBXFileReference; lastKnownFileType = text.plist.xml; path = "TelnetApp-Info.plist"; sourceTree = "<group>"; };
		B241DD7616081CFE0039F1CB /* en */ = {isa = PBXFileReference; lastKnownFileType = text.plist.strings; name = en; path = en.lproj/InfoPlist.strings; sourceTree = "<group>"; };
		B241DD7816081CFE0039F1CB /* main.m */ = {isa = PBXFileReference; lastKnownFileType = sourcecode.c.objc; path = main.m; sourceTree = "<group>"; };
		B241DD7A16081CFE0039F1CB /* TelnetApp-Prefix.pch */ = {isa = PBXFileReference; lastKnownFileType = sourcecode.c.h; path = "TelnetApp-Prefix.pch"; sourceTree = "<group>"; };
		B241DD7B16081CFE0039F1CB /* AppDelegate.h */ = {isa = PBXFileReference; lastKnownFileType = sourcecode.c.h; path = AppDelegate.h; sourceTree = "<group>"; };
		B241DD7C16081CFE0039F1CB /* AppDelegate.m */ = {isa = PBXFileReference; lastKnownFileType = sourcecode.c.objc; path = AppDelegate.m; sourceTree = "<group>"; };
		B241DD7F16081CFE0039F1CB /* en */ = {isa = PBXFileReference; lastKnownFileType = file.storyboard; name = en; path = en.lproj/MainStoryboard_iPhone.storyboard; sourceTree = "<group>"; };
		B241DD8216081CFE0039F1CB /* en */ = {isa = PBXFileReference; lastKnownFileType = file.storyboard; name = en; path = en.lproj/MainStoryboard_iPad.storyboard; sourceTree = "<group>"; };
		B241DD8416081CFE0039F1CB /* ViewController.h */ = {isa = PBXFileReference; lastKnownFileType = sourcecode.c.h; path = ViewController.h; sourceTree = "<group>"; };
		B241DD8516081CFE0039F1CB /* ViewController.m */ = {isa = PBXFileReference; lastKnownFileType = sourcecode.c.objc; path = ViewController.m; sourceTree = "<group>"; };
		B241DD8C16081CFE0039F1CB /* TelnetAppTests.octest */ = {isa = PBXFileReference; explicitFileType = wrapper.cfbundle; includeInIndex = 0; path = TelnetAppTests.octest; sourceTree = BUILT_PRODUCTS_DIR; };
		B241DD8D16081CFE0039F1CB /* SenTestingKit.framework */ = {isa = PBXFileReference; lastKnownFileType = wrapper.framework; name = SenTestingKit.framework; path = Library/Frameworks/SenTestingKit.framework; sourceTree = DEVELOPER_DIR; };
		B241DD9516081CFF0039F1CB /* TelnetAppTests-Info.plist */ = {isa = PBXFileReference; lastKnownFileType = text.plist.xml; path = "TelnetAppTests-Info.plist"; sourceTree = "<group>"; };
		B241DD9716081CFF0039F1CB /* en */ = {isa = PBXFileReference; lastKnownFileType = text.plist.strings; name = en; path = en.lproj/InfoPlist.strings; sourceTree = "<group>"; };
		B241DD9916081CFF0039F1CB /* TelnetAppTests.h */ = {isa = PBXFileReference; lastKnownFileType = sourcecode.c.h; path = TelnetAppTests.h; sourceTree = "<group>"; };
		B241DD9A16081CFF0039F1CB /* TelnetAppTests.m */ = {isa = PBXFileReference; lastKnownFileType = sourcecode.c.objc; path = TelnetAppTests.m; sourceTree = "<group>"; };
		B2C8B6EC160BF45700062CBB /* joybutton.png */ = {isa = PBXFileReference; lastKnownFileType = image.png; path = joybutton.png; sourceTree = "<group>"; };
		B2C8B6ED160BF45700062CBB /* joypad.png */ = {isa = PBXFileReference; lastKnownFileType = image.png; path = joypad.png; sourceTree = "<group>"; };
/* End PBXFileReference section */

/* Begin PBXFrameworksBuildPhase section */
		B241DD6516081CFE0039F1CB /* Frameworks */ = {
			isa = PBXFrameworksBuildPhase;
			buildActionMask = 2147483647;
			files = (
				B241DD6D16081CFE0039F1CB /* UIKit.framework in Frameworks */,
				B241DD6F16081CFE0039F1CB /* Foundation.framework in Frameworks */,
				B241DD7116081CFE0039F1CB /* CoreGraphics.framework in Frameworks */,
			);
			runOnlyForDeploymentPostprocessing = 0;
		};
		B241DD8816081CFE0039F1CB /* Frameworks */ = {
			isa = PBXFrameworksBuildPhase;
			buildActionMask = 2147483647;
			files = (
				B241DD8E16081CFE0039F1CB /* SenTestingKit.framework in Frameworks */,
				B241DD8F16081CFE0039F1CB /* UIKit.framework in Frameworks */,
				B241DD9016081CFE0039F1CB /* Foundation.framework in Frameworks */,
			);
			runOnlyForDeploymentPostprocessing = 0;
		};
/* End PBXFrameworksBuildPhase section */

/* Begin PBXGroup section */
		B241DD5D16081CFE0039F1CB = {
			isa = PBXGroup;
			children = (
				B241DD7216081CFE0039F1CB /* TelnetApp */,
				B241DD9316081CFE0039F1CB /* TelnetAppTests */,
				B241DD6B16081CFE0039F1CB /* Frameworks */,
				B241DD6916081CFE0039F1CB /* Products */,
			);
			sourceTree = "<group>";
		};
		B241DD6916081CFE0039F1CB /* Products */ = {
			isa = PBXGroup;
			children = (
				B241DD6816081CFE0039F1CB /* TelnetApp.app */,
				B241DD8C16081CFE0039F1CB /* TelnetAppTests.octest */,
			);
			name = Products;
			sourceTree = "<group>";
		};
		B241DD6B16081CFE0039F1CB /* Frameworks */ = {
			isa = PBXGroup;
			children = (
				B241DD6C16081CFE0039F1CB /* UIKit.framework */,
				B241DD6E16081CFE0039F1CB /* Foundation.framework */,
				B241DD7016081CFE0039F1CB /* CoreGraphics.framework */,
				B241DD8D16081CFE0039F1CB /* SenTestingKit.framework */,
			);
			name = Frameworks;
			sourceTree = "<group>";
		};
		B241DD7216081CFE0039F1CB /* TelnetApp */ = {
			isa = PBXGroup;
			children = (
				B2C8B6EB160BF45700062CBB /* Resources */,
				B241DD7B16081CFE0039F1CB /* AppDelegate.h */,
				B241DD7C16081CFE0039F1CB /* AppDelegate.m */,
				B241DD7E16081CFE0039F1CB /* MainStoryboard_iPhone.storyboard */,
				B241DD8116081CFE0039F1CB /* MainStoryboard_iPad.storyboard */,
				B241DD8416081CFE0039F1CB /* ViewController.h */,
				B241DD8516081CFE0039F1CB /* ViewController.m */,
				B241DD7316081CFE0039F1CB /* Supporting Files */,
			);
			path = TelnetApp;
			sourceTree = "<group>";
		};
		B241DD7316081CFE0039F1CB /* Supporting Files */ = {
			isa = PBXGroup;
			children = (
				B241DD7416081CFE0039F1CB /* TelnetApp-Info.plist */,
				B241DD7516081CFE0039F1CB /* InfoPlist.strings */,
				B241DD7816081CFE0039F1CB /* main.m */,
				B241DD7A16081CFE0039F1CB /* TelnetApp-Prefix.pch */,
			);
			name = "Supporting Files";
			sourceTree = "<group>";
		};
		B241DD9316081CFE0039F1CB /* TelnetAppTests */ = {
			isa = PBXGroup;
			children = (
				B241DD9916081CFF0039F1CB /* TelnetAppTests.h */,
				B241DD9A16081CFF0039F1CB /* TelnetAppTests.m */,
				B241DD9416081CFF0039F1CB /* Supporting Files */,
			);
			path = TelnetAppTests;
			sourceTree = "<group>";
		};
		B241DD9416081CFF0039F1CB /* Supporting Files */ = {
			isa = PBXGroup;
			children = (
				B241DD9516081CFF0039F1CB /* TelnetAppTests-Info.plist */,
				B241DD9616081CFF0039F1CB /* InfoPlist.strings */,
			);
			name = "Supporting Files";
			sourceTree = "<group>";
		};
		B2C8B6EB160BF45700062CBB /* Resources */ = {
			isa = PBXGroup;
			children = (
				B2C8B6EC160BF45700062CBB /* joybutton.png */,
				B2C8B6ED160BF45700062CBB /* joypad.png */,
			);
			path = Resources;
			sourceTree = "<group>";
		};
/* End PBXGroup section */

/* Begin PBXNativeTarget section */
		B241DD6716081CFE0039F1CB /* TelnetApp */ = {
			isa = PBXNativeTarget;
			buildConfigurationList = B241DD9E16081CFF0039F1CB /* Build configuration list for PBXNativeTarget "TelnetApp" */;
			buildPhases = (
				B241DD6416081CFE0039F1CB /* Sources */,
				B241DD6516081CFE0039F1CB /* Frameworks */,
				B241DD6616081CFE0039F1CB /* Resources */,
			);
			buildRules = (
			);
			dependencies = (
			);
			name = TelnetApp;
			productName = TelnetApp;
			productReference = B241DD6816081CFE0039F1CB /* TelnetApp.app */;
			productType = "com.apple.product-type.application";
		};
		B241DD8B16081CFE0039F1CB /* TelnetAppTests */ = {
			isa = PBXNativeTarget;
			buildConfigurationList = B241DDA116081CFF0039F1CB /* Build configuration list for PBXNativeTarget "TelnetAppTests" */;
			buildPhases = (
				B241DD8716081CFE0039F1CB /* Sources */,
				B241DD8816081CFE0039F1CB /* Frameworks */,
				B241DD8916081CFE0039F1CB /* Resources */,
				B241DD8A16081CFE0039F1CB /* ShellScript */,
			);
			buildRules = (
			);
			dependencies = (
				B241DD9216081CFE0039F1CB /* PBXTargetDependency */,
			);
			name = TelnetAppTests;
			productName = TelnetAppTests;
			productReference = B241DD8C16081CFE0039F1CB /* TelnetAppTests.octest */;
			productType = "com.apple.product-type.bundle";
		};
/* End PBXNativeTarget section */

/* Begin PBXProject section */
		B241DD5F16081CFE0039F1CB /* Project object */ = {
			isa = PBXProject;
			attributes = {
				LastUpgradeCheck = 0430;
			};
			buildConfigurationList = B241DD6216081CFE0039F1CB /* Build configuration list for PBXProject "TelnetApp" */;
			compatibilityVersion = "Xcode 3.2";
			developmentRegion = English;
			hasScannedForEncodings = 0;
			knownRegions = (
				en,
			);
			mainGroup = B241DD5D16081CFE0039F1CB;
			productRefGroup = B241DD6916081CFE0039F1CB /* Products */;
			projectDirPath = "";
			projectRoot = "";
			targets = (
				B241DD6716081CFE0039F1CB /* TelnetApp */,
				B241DD8B16081CFE0039F1CB /* TelnetAppTests */,
			);
		};
/* End PBXProject section */

/* Begin PBXResourcesBuildPhase section */
		B241DD6616081CFE0039F1CB /* Resources */ = {
			isa = PBXResourcesBuildPhase;
			buildActionMask = 2147483647;
			files = (
				B241DD7716081CFE0039F1CB /* InfoPlist.strings in Resources */,
				B241DD8016081CFE0039F1CB /* MainStoryboard_iPhone.storyboard in Resources */,
				B241DD8316081CFE0039F1CB /* MainStoryboard_iPad.storyboard in Resources */,
				B2C8B6EE160BF45700062CBB /* joybutton.png in Resources */,
				B2C8B6EF160BF45700062CBB /* joypad.png in Resources */,
			);
			runOnlyForDeploymentPostprocessing = 0;
		};
		B241DD8916081CFE0039F1CB /* Resources */ = {
			isa = PBXResourcesBuildPhase;
			buildActionMask = 2147483647;
			files = (
				B241DD9816081CFF0039F1CB /* InfoPlist.strings in Resources */,
			);
			runOnlyForDeploymentPostprocessing = 0;
		};
/* End PBXResourcesBuildPhase section */

/* Begin PBXShellScriptBuildPhase section */
		B241DD8A16081CFE0039F1CB /* ShellScript */ = {
			isa = PBXShellScriptBuildPhase;
			buildActionMask = 2147483647;
			files = (
			);
			inputPaths = (
			);
			outputPaths = (
			);
			runOnlyForDeploymentPostprocessing = 0;
			shellPath = /bin/sh;
			shellScript = "# Run the unit tests in this test bundle.\n\"${SYSTEM_DEVELOPER_DIR}/Tools/RunUnitTests\"\n";
		};
/* End PBXShellScriptBuildPhase section */

/* Begin PBXSourcesBuildPhase section */
		B241DD6416081CFE0039F1CB /* Sources */ = {
			isa = PBXSourcesBuildPhase;
			buildActionMask = 2147483647;
			files = (
				B241DD7916081CFE0039F1CB /* main.m in Sources */,
				B241DD7D16081CFE0039F1CB /* AppDelegate.m in Sources */,
				B241DD8616081CFE0039F1CB /* ViewController.m in Sources */,
			);
			runOnlyForDeploymentPostprocessing = 0;
		};
		B241DD8716081CFE0039F1CB /* Sources */ = {
			isa = PBXSourcesBuildPhase;
			buildActionMask = 2147483647;
			files = (
				B241DD9B16081CFF0039F1CB /* TelnetAppTests.m in Sources */,
			);
			runOnlyForDeploymentPostprocessing = 0;
		};
/* End PBXSourcesBuildPhase section */

/* Begin PBXTargetDependency section */
		B241DD9216081CFE0039F1CB /* PBXTargetDependency */ = {
			isa = PBXTargetDependency;
			target = B241DD6716081CFE0039F1CB /* TelnetApp */;
			targetProxy = B241DD9116081CFE0039F1CB /* PBXContainerItemProxy */;
		};
/* End PBXTargetDependency section */

/* Begin PBXVariantGroup section */
		B241DD7516081CFE0039F1CB /* InfoPlist.strings */ = {
			isa = PBXVariantGroup;
			children = (
				B241DD7616081CFE0039F1CB /* en */,
			);
			name = InfoPlist.strings;
			sourceTree = "<group>";
		};
		B241DD7E16081CFE0039F1CB /* MainStoryboard_iPhone.storyboard */ = {
			isa = PBXVariantGroup;
			children = (
				B241DD7F16081CFE0039F1CB /* en */,
			);
			name = MainStoryboard_iPhone.storyboard;
			sourceTree = "<group>";
		};
		B241DD8116081CFE0039F1CB /* MainStoryboard_iPad.storyboard */ = {
			isa = PBXVariantGroup;
			children = (
				B241DD8216081CFE0039F1CB /* en */,
			);
			name = MainStoryboard_iPad.storyboard;
			sourceTree = "<group>";
		};
		B241DD9616081CFF0039F1CB /* InfoPlist.strings */ = {
			isa = PBXVariantGroup;
			children = (
				B241DD9716081CFF0039F1CB /* en */,
			);
			name = InfoPlist.strings;
			sourceTree = "<group>";
		};
/* End PBXVariantGroup section */

/* Begin XCBuildConfiguration section */
		B241DD9C16081CFF0039F1CB /* Debug */ = {
			isa = XCBuildConfiguration;
			buildSettings = {
				ALWAYS_SEARCH_USER_PATHS = NO;
				ARCHS = "$(ARCHS_STANDARD_32_BIT)";
				CLANG_ENABLE_OBJC_ARC = NO;
				"CODE_SIGN_IDENTITY[sdk=iphoneos*]" = "iPhone Developer";
				COPY_PHASE_STRIP = NO;
				GCC_C_LANGUAGE_STANDARD = gnu99;
				GCC_DYNAMIC_NO_PIC = NO;
				GCC_OPTIMIZATION_LEVEL = 0;
				GCC_PREPROCESSOR_DEFINITIONS = (
					"DEBUG=1",
					"$(inherited)",
				);
				GCC_SYMBOLS_PRIVATE_EXTERN = NO;
				GCC_VERSION = com.apple.compilers.llvm.clang.1_0;
				GCC_WARN_ABOUT_RETURN_TYPE = YES;
				GCC_WARN_UNINITIALIZED_AUTOS = YES;
				GCC_WARN_UNUSED_VARIABLE = YES;
				IPHONEOS_DEPLOYMENT_TARGET = 5.1;
				SDKROOT = iphoneos;
				TARGETED_DEVICE_FAMILY = "1,2";
			};
			name = Debug;
		};
		B241DD9D16081CFF0039F1CB /* Release */ = {
			isa = XCBuildConfiguration;
			buildSettings = {
				ALWAYS_SEARCH_USER_PATHS = NO;
				ARCHS = "$(ARCHS_STANDARD_32_BIT)";
				CLANG_ENABLE_OBJC_ARC = NO;
				"CODE_SIGN_IDENTITY[sdk=iphoneos*]" = "iPhone Developer";
				COPY_PHASE_STRIP = YES;
				GCC_C_LANGUAGE_STANDARD = gnu99;
				GCC_VERSION = com.apple.compilers.llvm.clang.1_0;
				GCC_WARN_ABOUT_RETURN_TYPE = YES;
				GCC_WARN_UNINITIALIZED_AUTOS = YES;
				GCC_WARN_UNUSED_VARIABLE = YES;
				IPHONEOS_DEPLOYMENT_TARGET = 5.1;
				OTHER_CFLAGS = "-DNS_BLOCK_ASSERTIONS=1";
				SDKROOT = iphoneos;
				TARGETED_DEVICE_FAMILY = "1,2";
				VALIDATE_PRODUCT = YES;
			};
			name = Release;
		};
		B241DD9F16081CFF0039F1CB /* Debug */ = {
			isa = XCBuildConfiguration;
			buildSettings = {
				CLANG_ENABLE_OBJC_ARC = NO;
				GCC_PRECOMPILE_PREFIX_HEADER = YES;
				GCC_PREFIX_HEADER = "TelnetApp/TelnetApp-Prefix.pch";
				INFOPLIST_FILE = "TelnetApp/TelnetApp-Info.plist";
				PRODUCT_NAME = "$(TARGET_NAME)";
				WRAPPER_EXTENSION = app;
			};
			name = Debug;
		};
		B241DDA016081CFF0039F1CB /* Release */ = {
			isa = XCBuildConfiguration;
			buildSettings = {
				CLANG_ENABLE_OBJC_ARC = NO;
				GCC_PRECOMPILE_PREFIX_HEADER = YES;
				GCC_PREFIX_HEADER = "TelnetApp/TelnetApp-Prefix.pch";
				INFOPLIST_FILE = "TelnetApp/TelnetApp-Info.plist";
				PRODUCT_NAME = "$(TARGET_NAME)";
				WRAPPER_EXTENSION = app;
			};
			name = Release;
		};
		B241DDA216081CFF0039F1CB /* Debug */ = {
			isa = XCBuildConfiguration;
			buildSettings = {
				BUNDLE_LOADER = "$(BUILT_PRODUCTS_DIR)/TelnetApp.app/TelnetApp";
				FRAMEWORK_SEARCH_PATHS = (
					"$(SDKROOT)/Developer/Library/Frameworks",
					"$(DEVELOPER_LIBRARY_DIR)/Frameworks",
				);
				GCC_PRECOMPILE_PREFIX_HEADER = YES;
				GCC_PREFIX_HEADER = "TelnetApp/TelnetApp-Prefix.pch";
				INFOPLIST_FILE = "TelnetAppTests/TelnetAppTests-Info.plist";
				PRODUCT_NAME = "$(TARGET_NAME)";
				TEST_HOST = "$(BUNDLE_LOADER)";
				WRAPPER_EXTENSION = octest;
			};
			name = Debug;
		};
		B241DDA316081CFF0039F1CB /* Release */ = {
			isa = XCBuildConfiguration;
			buildSettings = {
				BUNDLE_LOADER = "$(BUILT_PRODUCTS_DIR)/TelnetApp.app/TelnetApp";
				FRAMEWORK_SEARCH_PATHS = (
					"$(SDKROOT)/Developer/Library/Frameworks",
					"$(DEVELOPER_LIBRARY_DIR)/Frameworks",
				);
				GCC_PRECOMPILE_PREFIX_HEADER = YES;
				GCC_PREFIX_HEADER = "TelnetApp/TelnetApp-Prefix.pch";
				INFOPLIST_FILE = "TelnetAppTests/TelnetAppTests-Info.plist";
				PRODUCT_NAME = "$(TARGET_NAME)";
				TEST_HOST = "$(BUNDLE_LOADER)";
				WRAPPER_EXTENSION = octest;
			};
			name = Release;
		};
/* End XCBuildConfiguration section */

/* Begin XCConfigurationList section */
		B241DD6216081CFE0039F1CB /* Build configuration list for PBXProject "TelnetApp" */ = {
			isa = XCConfigurationList;
			buildConfigurations = (
				B241DD9C16081CFF0039F1CB /* Debug */,
				B241DD9D16081CFF0039F1CB /* Release */,
			);
			defaultConfigurationIsVisible = 0;
			defaultConfigurationName = Release;
		};
		B241DD9E16081CFF0039F1CB /* Build configuration list for PBXNativeTarget "TelnetApp" */ = {
			isa = XCConfigurationList;
			buildConfigurations = (
				B241DD9F16081CFF0039F1CB /* Debug */,
				B241DDA016081CFF0039F1CB /* Release */,
			);
			defaultConfigurationIsVisible = 0;
			defaultConfigurationName = Release;
		};
		B241DDA116081CFF0039F1CB /* Build configuration list for PBXNativeTarget "TelnetAppTests" */ = {
			isa = XCConfigurationList;
			buildConfigurations = (
				B241DDA216081CFF0039F1CB /* Debug */,
				B241DDA316081CFF0039F1CB /* Release */,
			);
			defaultConfigurationIsVisible = 0;
			defaultConfigurationName = Release;
		};
/* End XCConfigurationList section */
	};
	rootObject = B241DD5F16081CFE0039F1CB /* Project object */;
}
